<?xml version="1.0" encoding="UTF-8" standalone="yes" ?>
<CodeBlocks_project_file>
	<FileVersion major="1" minor="6" />
	<Project>
		<Option title="Infected Pipes" />
		<Option pch_mode="2" />
		<Option compiler="gcc" />
		<Build>
			<Target title="Debug">
				<Option output="bin/Debug/Infected Pipes" prefix_auto="1" extension_auto="1" />
				<Option object_output="obj/Debug/" />
				<Option type="1" />
				<Option compiler="gcc" />
				<Option use_console_runner="0" />
				<Compiler>
					<Add option="-g" />
				</Compiler>
			</Target>
			<Target title="Release">
				<Option output="bin/Release/Infected Pipes" prefix_auto="1" extension_auto="1" />
				<Option object_output="obj/Release/" />
				<Option type="1" />
				<Option compiler="gcc" />
				<Linker>
					<Add option="-s" />
				</Linker>
			</Target>
		</Build>
		<Compiler>
			<Add option="-Wall" />
			<Add option="-fexceptions" />
			<Add directory="gui" />
			<Add directory="bullets" />
			<Add directory="weapons" />
			<Add directory="scenes" />
			<Add directory="entities" />
			<Add directory="entities/ennemies" />
			<Add directory="entities/passive" />
			<Add directory="../Infected Pipes" />
		</Compiler>
		<Unit filename="Animation.cpp" />
		<Unit filename="Animation.h" />
		<Unit filename="AnimationTable.cpp" />
		<Unit filename="AnimationTable.h" />
		<Unit filename="Background.cpp" />
		<Unit filename="Background.h" />
		<Unit filename="Bubble.cpp" />
		<Unit filename="Bubble.h" />
		<Unit filename="Camera.cpp" />
		<Unit filename="Camera.h" />
		<Unit filename="Chest.cpp" />
		<Unit filename="Chest.h" />
		<Unit filename="ChestOpened.cpp" />
		<Unit filename="ChestOpened.h" />
		<Unit filename="DamageParticle.cpp" />
		<Unit filename="DamageParticle.h" />
		<Unit filename="Grass.cpp" />
		<Unit filename="Grass.h" />
		<Unit filename="HealingFly.cpp" />
		<Unit filename="HealingFly.h" />
		<Unit filename="HealingParticle.cpp" />
		<Unit filename="HealingParticle.h" />
		<Unit filename="IP.cpp" />
		<Unit filename="IP.h" />
		<Unit filename="Level.cpp" />
		<Unit filename="Level.h" />
		<Unit filename="MainMenuBackground.cpp" />
		<Unit filename="MainMenuBackground.h" />
		<Unit filename="Map.cpp" />
		<Unit filename="Map.h" />
		<Unit filename="MathHelper.cpp" />
		<Unit filename="MathHelper.h" />
		<Unit filename="MovingSprite.cpp" />
		<Unit filename="MovingSprite.h" />
		<Unit filename="Particle.cpp" />
		<Unit filename="Particle.h" />
		<Unit filename="ParticleManager.cpp" />
		<Unit filename="ParticleManager.h" />
		<Unit filename="Pipe.cpp" />
		<Unit filename="Pipe.h" />
		<Unit filename="Player.cpp" />
		<Unit filename="Player.h" />
		<Unit filename="Renderer.cpp" />
		<Unit filename="Renderer.h" />
		<Unit filename="ResourceLoader.cpp" />
		<Unit filename="ResourceLoader.h" />
		<Unit filename="ShaderManager.cpp" />
		<Unit filename="ShaderManager.h" />
		<Unit filename="SnowFlakes.cpp" />
		<Unit filename="SnowFlakes.h" />
		<Unit filename="Spawner.cpp" />
		<Unit filename="Spawner.h" />
		<Unit filename="Stalactite.cpp" />
		<Unit filename="Stalactite.h" />
		<Unit filename="WaterFall.cpp" />
		<Unit filename="WaterFall.h" />
		<Unit filename="WaterField.cpp" />
		<Unit filename="WaterField.h" />
		<Unit filename="WaterGrass.cpp" />
		<Unit filename="WaterGrass.h" />
		<Unit filename="bullets/Arrow.cpp" />
		<Unit filename="bullets/Arrow.h" />
		<Unit filename="bullets/BoneBullet.cpp" />
		<Unit filename="bullets/BoneBullet.h" />
		<Unit filename="bullets/Bullet.cpp" />
		<Unit filename="bullets/Bullet.h" />
		<Unit filename="bullets/BulletManager.cpp" />
		<Unit filename="bullets/BulletManager.h" />
		<Unit filename="bullets/DualFireBullet.cpp" />
		<Unit filename="bullets/DualFireBullet.h" />
		<Unit filename="bullets/FireBallBullet.cpp" />
		<Unit filename="bullets/FireBallBullet.h" />
		<Unit filename="bullets/GroundAttackBullet.cpp" />
		<Unit filename="bullets/GroundAttackBullet.h" />
		<Unit filename="bullets/GunBullet.cpp" />
		<Unit filename="bullets/GunBullet.h" />
		<Unit filename="bullets/LaserBullet.cpp" />
		<Unit filename="bullets/LaserBullet.h" />
		<Unit filename="bullets/Missile.cpp" />
		<Unit filename="bullets/Missile.h" />
		<Unit filename="bullets/RockBullet.cpp" />
		<Unit filename="bullets/RockBullet.h" />
		<Unit filename="bullets/SandBullet.cpp" />
		<Unit filename="bullets/SandBullet.h" />
		<Unit filename="entities/Character.cpp" />
		<Unit filename="entities/Character.h" />
		<Unit filename="entities/EntityManager.cpp" />
		<Unit filename="entities/EntityManager.h" />
		<Unit filename="entities/GameEntity.cpp" />
		<Unit filename="entities/GameEntity.h" />
		<Unit filename="entities/ennemies/Bat.cpp" />
		<Unit filename="entities/ennemies/Bat.h" />
		<Unit filename="entities/ennemies/Ennemy.cpp" />
		<Unit filename="entities/ennemies/Ennemy.h" />
		<Unit filename="entities/ennemies/FireBall.cpp" />
		<Unit filename="entities/ennemies/FireBall.h" />
		<Unit filename="entities/ennemies/FireWormBoss.cpp" />
		<Unit filename="entities/ennemies/FireWormBoss.h" />
		<Unit filename="entities/ennemies/Fist.cpp" />
		<Unit filename="entities/ennemies/Fist.h" />
		<Unit filename="entities/ennemies/FlyingSkull.cpp" />
		<Unit filename="entities/ennemies/FlyingSkull.h" />
		<Unit filename="entities/ennemies/Jellyfish.cpp" />
		<Unit filename="entities/ennemies/Jellyfish.h" />
		<Unit filename="entities/ennemies/MissileBall.cpp" />
		<Unit filename="entities/ennemies/MissileBall.h" />
		<Unit filename="entities/ennemies/RockWorm.cpp" />
		<Unit filename="entities/ennemies/RockWorm.h" />
		<Unit filename="entities/ennemies/Slime.cpp" />
		<Unit filename="entities/ennemies/Slime.h" />
		<Unit filename="entities/ennemies/Slimey.cpp" />
		<Unit filename="entities/ennemies/Slimey.h" />
		<Unit filename="entities/ennemies/Snail.cpp" />
		<Unit filename="entities/ennemies/Snail.h" />
		<Unit filename="entities/ennemies/SnowBallEnemy.cpp" />
		<Unit filename="entities/ennemies/SnowBallEnemy.h" />
		<Unit filename="entities/ennemies/SnowMan.cpp" />
		<Unit filename="entities/ennemies/SnowMan.h" />
		<Unit filename="entities/ennemies/Spiderock.cpp" />
		<Unit filename="entities/ennemies/Spiderock.h" />
		<Unit filename="entities/ennemies/Turtle.cpp" />
		<Unit filename="entities/ennemies/Turtle.h" />
		<Unit filename="entities/ennemies/WormBoss.cpp" />
		<Unit filename="entities/ennemies/WormBoss.h" />
		<Unit filename="entities/passive/Duck.cpp" />
		<Unit filename="entities/passive/Duck.h" />
		<Unit filename="entities/passive/Mouse.cpp" />
		<Unit filename="entities/passive/Mouse.h" />
		<Unit filename="entities/passive/Skull.cpp" />
		<Unit filename="entities/passive/Skull.h" />
		<Unit filename="gui/Cursor.cpp" />
		<Unit filename="gui/Cursor.h" />
		<Unit filename="gui/DifficultyIndicator.cpp" />
		<Unit filename="gui/DifficultyIndicator.h" />
		<Unit filename="gui/GUI.cpp" />
		<Unit filename="gui/GUI.h" />
		<Unit filename="gui/LevelIndicator.cpp" />
		<Unit filename="gui/LevelIndicator.h" />
		<Unit filename="gui/LifeBar.cpp" />
		<Unit filename="gui/LifeBar.h" />
		<Unit filename="gui/Sight.cpp" />
		<Unit filename="gui/Sight.h" />
		<Unit filename="gui/Skill.cpp" />
		<Unit filename="gui/Skill.h" />
		<Unit filename="gui/SkillIcon.cpp" />
		<Unit filename="gui/SkillIcon.h" />
		<Unit filename="gui/SkillTree.cpp" />
		<Unit filename="gui/SkillTree.h" />
		<Unit filename="gui/SpeechBubble.cpp" />
		<Unit filename="gui/SpeechBubble.h" />
		<Unit filename="gui/SpeechManager.cpp" />
		<Unit filename="gui/SpeechManager.h" />
		<Unit filename="gui/WaveIndicator.cpp" />
		<Unit filename="gui/WaveIndicator.h" />
		<Unit filename="gui/XPBar.cpp" />
		<Unit filename="gui/XPBar.h" />
		<Unit filename="main.cpp" />
		<Unit filename="scenes/Game.cpp" />
		<Unit filename="scenes/Game.h" />
		<Unit filename="scenes/MainMenu.cpp" />
		<Unit filename="scenes/MainMenu.h" />
		<Unit filename="scenes/PauseMenu.cpp" />
		<Unit filename="scenes/PauseMenu.h" />
		<Unit filename="scenes/Scene.cpp" />
		<Unit filename="scenes/Scene.h" />
		<Unit filename="scenes/SceneManager.cpp" />
		<Unit filename="scenes/SceneManager.h" />
		<Unit filename="scenes/SkillsMenu.cpp" />
		<Unit filename="scenes/SkillsMenu.h" />
		<Unit filename="weapons/ElectricGun.cpp" />
		<Unit filename="weapons/ElectricGun.h" />
		<Unit filename="weapons/MachineGun.cpp" />
		<Unit filename="weapons/MachineGun.h" />
		<Unit filename="weapons/Rifle.cpp" />
		<Unit filename="weapons/Rifle.h" />
		<Unit filename="weapons/Shotgun.cpp" />
		<Unit filename="weapons/Shotgun.h" />
		<Unit filename="weapons/Weapon.cpp" />
		<Unit filename="weapons/Weapon.h" />
		<Extensions>
			<code_completion />
			<debugger />
			<envvars />
			<DoxyBlocks>
				<comment_style block="0" line="0" />
				<doxyfile_project />
				<doxyfile_build />
				<doxyfile_warnings />
				<doxyfile_output />
				<doxyfile_dot />
				<general />
			</DoxyBlocks>
		</Extensions>
	</Project>
</CodeBlocks_project_file>
